// !$*UTF8*$!
{
	archiveVersion = 1;
	classes = {
	};
	objectVersion = 55;
	objects = {

/* Begin PBXBuildFile section */
		59153A0027D335BB005B2C1E /* Raleway-VariableFont_wght.ttf in Resources */ = {isa = PBXBuildFile; fileRef = 591539FF27D335BB005B2C1E /* Raleway-VariableFont_wght.ttf */; };
		59153A0227D33803005B2C1E /* Raleway-ExtraBold.ttf in Resources */ = {isa = PBXBuildFile; fileRef = 59153A0127D33803005B2C1E /* Raleway-ExtraBold.ttf */; };
		59A8FC0227CC91AA00E6C62C /* AppDelegate.swift in Sources */ = {isa = PBXBuildFile; fileRef = 59A8FC0127CC91AA00E6C62C /* AppDelegate.swift */; };
		59A8FC0427CC91AA00E6C62C /* SceneDelegate.swift in Sources */ = {isa = PBXBuildFile; fileRef = 59A8FC0327CC91AA00E6C62C /* SceneDelegate.swift */; };
		59A8FC0627CC91AA00E6C62C /* WelcomeController.swift in Sources */ = {isa = PBXBuildFile; fileRef = 59A8FC0527CC91AA00E6C62C /* WelcomeController.swift */; };
		59A8FC0C27CC91AA00E6C62C /* getitdone.xcdatamodeld in Sources */ = {isa = PBXBuildFile; fileRef = 59A8FC0A27CC91AA00E6C62C /* getitdone.xcdatamodeld */; };
		59A8FC0E27CC91AD00E6C62C /* Assets.xcassets in Resources */ = {isa = PBXBuildFile; fileRef = 59A8FC0D27CC91AD00E6C62C /* Assets.xcassets */; };
		59A8FC1127CC91AD00E6C62C /* LaunchScreen.storyboard in Resources */ = {isa = PBXBuildFile; fileRef = 59A8FC0F27CC91AD00E6C62C /* LaunchScreen.storyboard */; };
		59A8FC1C27CC91AD00E6C62C /* getitdoneTests.swift in Sources */ = {isa = PBXBuildFile; fileRef = 59A8FC1B27CC91AD00E6C62C /* getitdoneTests.swift */; };
		59A8FC2627CC91AD00E6C62C /* getitdoneUITests.swift in Sources */ = {isa = PBXBuildFile; fileRef = 59A8FC2527CC91AD00E6C62C /* getitdoneUITests.swift */; };
		59A8FC2827CC91AD00E6C62C /* getitdoneUITestsLaunchTests.swift in Sources */ = {isa = PBXBuildFile; fileRef = 59A8FC2727CC91AD00E6C62C /* getitdoneUITestsLaunchTests.swift */; };
		59A8FC3527CC982100E6C62C /* GDGradient.swift in Sources */ = {isa = PBXBuildFile; fileRef = 59A8FC3427CC982100E6C62C /* GDGradient.swift */; };
		59A8FC3827CC9AD300E6C62C /* extension.swift in Sources */ = {isa = PBXBuildFile; fileRef = 59A8FC3727CC9AD300E6C62C /* extension.swift */; };
		59A8FC3B27CCA47100E6C62C /* GDLabel.swift in Sources */ = {isa = PBXBuildFile; fileRef = 59A8FC3A27CCA47100E6C62C /* GDLabel.swift */; };
/* End PBXBuildFile section */

/* Begin PBXContainerItemProxy section */
		59A8FC1827CC91AD00E6C62C /* PBXContainerItemProxy */ = {
			isa = PBXContainerItemProxy;
			containerPortal = 59A8FBF627CC91AA00E6C62C /* Project object */;
			proxyType = 1;
			remoteGlobalIDString = 59A8FBFD27CC91AA00E6C62C;
			remoteInfo = getitdone;
		};
		59A8FC2227CC91AD00E6C62C /* PBXContainerItemProxy */ = {
			isa = PBXContainerItemProxy;
			containerPortal = 59A8FBF627CC91AA00E6C62C /* Project object */;
			proxyType = 1;
			remoteGlobalIDString = 59A8FBFD27CC91AA00E6C62C;
			remoteInfo = getitdone;
		};
/* End PBXContainerItemProxy section */

/* Begin PBXFileReference section */
		591539FF27D335BB005B2C1E /* Raleway-VariableFont_wght.ttf */ = {isa = PBXFileReference; lastKnownFileType = file; path = "Raleway-VariableFont_wght.ttf"; sourceTree = "<group>"; };
		59153A0127D33803005B2C1E /* Raleway-ExtraBold.ttf */ = {isa = PBXFileReference; lastKnownFileType = file; path = "Raleway-ExtraBold.ttf"; sourceTree = "<group>"; };
		59A8FBFE27CC91AA00E6C62C /* getitdone.app */ = {isa = PBXFileReference; explicitFileType = wrapper.application; includeInIndex = 0; path = getitdone.app; sourceTree = BUILT_PRODUCTS_DIR; };
		59A8FC0127CC91AA00E6C62C /* AppDelegate.swift */ = {isa = PBXFileReference; lastKnownFileType = sourcecode.swift; path = AppDelegate.swift; sourceTree = "<group>"; };
		59A8FC0327CC91AA00E6C62C /* SceneDelegate.swift */ = {isa = PBXFileReference; lastKnownFileType = sourcecode.swift; path = SceneDelegate.swift; sourceTree = "<group>"; };
		59A8FC0527CC91AA00E6C62C /* WelcomeController.swift */ = {isa = PBXFileReference; lastKnownFileType = sourcecode.swift; path = WelcomeController.swift; sourceTree = "<group>"; };
		59A8FC0B27CC91AA00E6C62C /* getitdone.xcdatamodel */ = {isa = PBXFileReference; lastKnownFileType = wrapper.xcdatamodel; path = getitdone.xcdatamodel; sourceTree = "<group>"; };
		59A8FC0D27CC91AD00E6C62C /* Assets.xcassets */ = {isa = PBXFileReference; lastKnownFileType = folder.assetcatalog; path = Assets.xcassets; sourceTree = "<group>"; };
		59A8FC1027CC91AD00E6C62C /* Base */ = {isa = PBXFileReference; lastKnownFileType = file.storyboard; name = Base; path = Base.lproj/LaunchScreen.storyboard; sourceTree = "<group>"; };
		59A8FC1227CC91AD00E6C62C /* Info.plist */ = {isa = PBXFileReference; lastKnownFileType = text.plist.xml; path = Info.plist; sourceTree = "<group>"; };
		59A8FC1727CC91AD00E6C62C /* getitdoneTests.xctest */ = {isa = PBXFileReference; explicitFileType = wrapper.cfbundle; includeInIndex = 0; path = getitdoneTests.xctest; sourceTree = BUILT_PRODUCTS_DIR; };
		59A8FC1B27CC91AD00E6C62C /* getitdoneTests.swift */ = {isa = PBXFileReference; lastKnownFileType = sourcecode.swift; path = getitdoneTests.swift; sourceTree = "<group>"; };
		59A8FC2127CC91AD00E6C62C /* getitdoneUITests.xctest */ = {isa = PBXFileReference; explicitFileType = wrapper.cfbundle; includeInIndex = 0; path = getitdoneUITests.xctest; sourceTree = BUILT_PRODUCTS_DIR; };
		59A8FC2527CC91AD00E6C62C /* getitdoneUITests.swift */ = {isa = PBXFileReference; lastKnownFileType = sourcecode.swift; path = getitdoneUITests.swift; sourceTree = "<group>"; };
		59A8FC2727CC91AD00E6C62C /* getitdoneUITestsLaunchTests.swift */ = {isa = PBXFileReference; lastKnownFileType = sourcecode.swift; path = getitdoneUITestsLaunchTests.swift; sourceTree = "<group>"; };
		59A8FC3427CC982100E6C62C /* GDGradient.swift */ = {isa = PBXFileReference; lastKnownFileType = sourcecode.swift; path = GDGradient.swift; sourceTree = "<group>"; };
		59A8FC3727CC9AD300E6C62C /* extension.swift */ = {isa = PBXFileReference; lastKnownFileType = sourcecode.swift; path = extension.swift; sourceTree = "<group>"; };
		59A8FC3A27CCA47100E6C62C /* GDLabel.swift */ = {isa = PBXFileReference; lastKnownFileType = sourcecode.swift; path = GDLabel.swift; sourceTree = "<group>"; };
/* End PBXFileReference section */

/* Begin PBXFrameworksBuildPhase section */
		59A8FBFB27CC91AA00E6C62C /* Frameworks */ = {
			isa = PBXFrameworksBuildPhase;
			buildActionMask = 2147483647;
			files = (
			);
			runOnlyForDeploymentPostprocessing = 0;
		};
		59A8FC1427CC91AD00E6C62C /* Frameworks */ = {
			isa = PBXFrameworksBuildPhase;
			buildActionMask = 2147483647;
			files = (
			);
			runOnlyForDeploymentPostprocessing = 0;
		};
		59A8FC1E27CC91AD00E6C62C /* Frameworks */ = {
			isa = PBXFrameworksBuildPhase;
			buildActionMask = 2147483647;
			files = (
			);
			runOnlyForDeploymentPostprocessing = 0;
		};
/* End PBXFrameworksBuildPhase section */

/* Begin PBXGroup section */
		591539FE27D332C8005B2C1E /* fonts */ = {
			isa = PBXGroup;
			children = (
				59153A0127D33803005B2C1E /* Raleway-ExtraBold.ttf */,
				591539FF27D335BB005B2C1E /* Raleway-VariableFont_wght.ttf */,
			);
			path = fonts;
			sourceTree = "<group>";
		};
		59A8FBF527CC91AA00E6C62C = {
			isa = PBXGroup;
			children = (
				59A8FC0027CC91AA00E6C62C /* getitdone */,
				59A8FC1A27CC91AD00E6C62C /* getitdoneTests */,
				59A8FC2427CC91AD00E6C62C /* getitdoneUITests */,
				59A8FBFF27CC91AA00E6C62C /* Products */,
			);
			sourceTree = "<group>";
		};
		59A8FBFF27CC91AA00E6C62C /* Products */ = {
			isa = PBXGroup;
			children = (
				59A8FBFE27CC91AA00E6C62C /* getitdone.app */,
				59A8FC1727CC91AD00E6C62C /* getitdoneTests.xctest */,
				59A8FC2127CC91AD00E6C62C /* getitdoneUITests.xctest */,
			);
			name = Products;
			sourceTree = "<group>";
		};
		59A8FC0027CC91AA00E6C62C /* getitdone */ = {
			isa = PBXGroup;
			children = (
				591539FE27D332C8005B2C1E /* fonts */,
				59A8FC3927CCA45400E6C62C /* custom */,
				59A8FC3627CC9AB100E6C62C /* extension */,
				59A8FC0127CC91AA00E6C62C /* AppDelegate.swift */,
				59A8FC0327CC91AA00E6C62C /* SceneDelegate.swift */,
				59A8FC0527CC91AA00E6C62C /* WelcomeController.swift */,
				59A8FC0D27CC91AD00E6C62C /* Assets.xcassets */,
				59A8FC0F27CC91AD00E6C62C /* LaunchScreen.storyboard */,
				59A8FC1227CC91AD00E6C62C /* Info.plist */,
				59A8FC0A27CC91AA00E6C62C /* getitdone.xcdatamodeld */,
			);
			path = getitdone;
			sourceTree = "<group>";
		};
		59A8FC1A27CC91AD00E6C62C /* getitdoneTests */ = {
			isa = PBXGroup;
			children = (
				59A8FC1B27CC91AD00E6C62C /* getitdoneTests.swift */,
			);
			path = getitdoneTests;
			sourceTree = "<group>";
		};
		59A8FC2427CC91AD00E6C62C /* getitdoneUITests */ = {
			isa = PBXGroup;
			children = (
				59A8FC2527CC91AD00E6C62C /* getitdoneUITests.swift */,
				59A8FC2727CC91AD00E6C62C /* getitdoneUITestsLaunchTests.swift */,
			);
			path = getitdoneUITests;
			sourceTree = "<group>";
		};
		59A8FC3627CC9AB100E6C62C /* extension */ = {
			isa = PBXGroup;
			children = (
				59A8FC3727CC9AD300E6C62C /* extension.swift */,
			);
			path = extension;
			sourceTree = "<group>";
		};
		59A8FC3927CCA45400E6C62C /* custom */ = {
			isa = PBXGroup;
			children = (
				59A8FC3427CC982100E6C62C /* GDGradient.swift */,
				59A8FC3A27CCA47100E6C62C /* GDLabel.swift */,
			);
			path = custom;
			sourceTree = "<group>";
		};
/* End PBXGroup section */

/* Begin PBXNativeTarget section */
		59A8FBFD27CC91AA00E6C62C /* getitdone */ = {
			isa = PBXNativeTarget;
			buildConfigurationList = 59A8FC2B27CC91AD00E6C62C /* Build configuration list for PBXNativeTarget "getitdone" */;
			buildPhases = (
				59A8FBFA27CC91AA00E6C62C /* Sources */,
				59A8FBFB27CC91AA00E6C62C /* Frameworks */,
				59A8FBFC27CC91AA00E6C62C /* Resources */,
			);
			buildRules = (
			);
			dependencies = (
			);
			name = getitdone;
			productName = getitdone;
			productReference = 59A8FBFE27CC91AA00E6C62C /* getitdone.app */;
			productType = "com.apple.product-type.application";
		};
		59A8FC1627CC91AD00E6C62C /* getitdoneTests */ = {
			isa = PBXNativeTarget;
			buildConfigurationList = 59A8FC2E27CC91AD00E6C62C /* Build configuration list for PBXNativeTarget "getitdoneTests" */;
			buildPhases = (
				59A8FC1327CC91AD00E6C62C /* Sources */,
				59A8FC1427CC91AD00E6C62C /* Frameworks */,
				59A8FC1527CC91AD00E6C62C /* Resources */,
			);
			buildRules = (
			);
			dependencies = (
				59A8FC1927CC91AD00E6C62C /* PBXTargetDependency */,
			);
			name = getitdoneTests;
			productName = getitdoneTests;
			productReference = 59A8FC1727CC91AD00E6C62C /* getitdoneTests.xctest */;
			productType = "com.apple.product-type.bundle.unit-test";
		};
		59A8FC2027CC91AD00E6C62C /* getitdoneUITests */ = {
			isa = PBXNativeTarget;
			buildConfigurationList = 59A8FC3127CC91AD00E6C62C /* Build configuration list for PBXNativeTarget "getitdoneUITests" */;
			buildPhases = (
				59A8FC1D27CC91AD00E6C62C /* Sources */,
				59A8FC1E27CC91AD00E6C62C /* Frameworks */,
				59A8FC1F27CC91AD00E6C62C /* Resources */,
			);
			buildRules = (
			);
			dependencies = (
				59A8FC2327CC91AD00E6C62C /* PBXTargetDependency */,
			);
			name = getitdoneUITests;
			productName = getitdoneUITests;
			productReference = 59A8FC2127CC91AD00E6C62C /* getitdoneUITests.xctest */;
			productType = "com.apple.product-type.bundle.ui-testing";
		};
/* End PBXNativeTarget section */

/* Begin PBXProject section */
		59A8FBF627CC91AA00E6C62C /* Project object */ = {
			isa = PBXProject;
			attributes = {
				BuildIndependentTargetsInParallel = 1;
				LastSwiftUpdateCheck = 1320;
				LastUpgradeCheck = 1320;
				TargetAttributes = {
					59A8FBFD27CC91AA00E6C62C = {
						CreatedOnToolsVersion = 13.2.1;
					};
					59A8FC1627CC91AD00E6C62C = {
						CreatedOnToolsVersion = 13.2.1;
						TestTargetID = 59A8FBFD27CC91AA00E6C62C;
					};
					59A8FC2027CC91AD00E6C62C = {
						CreatedOnToolsVersion = 13.2.1;
						TestTargetID = 59A8FBFD27CC91AA00E6C62C;
					};
				};
			};
			buildConfigurationList = 59A8FBF927CC91AA00E6C62C /* Build configuration list for PBXProject "getitdone" */;
			compatibilityVersion = "Xcode 13.0";
			developmentRegion = en;
			hasScannedForEncodings = 0;
			knownRegions = (
				en,
				Base,
			);
			mainGroup = 59A8FBF527CC91AA00E6C62C;
			productRefGroup = 59A8FBFF27CC91AA00E6C62C /* Products */;
			projectDirPath = "";
			projectRoot = "";
			targets = (
				59A8FBFD27CC91AA00E6C62C /* getitdone */,
				59A8FC1627CC91AD00E6C62C /* getitdoneTests */,
				59A8FC2027CC91AD00E6C62C /* getitdoneUITests */,
			);
		};
/* End PBXProject section */

/* Begin PBXResourcesBuildPhase section */
		59A8FBFC27CC91AA00E6C62C /* Resources */ = {
			isa = PBXResourcesBuildPhase;
			buildActionMask = 2147483647;
			files = (
				59153A0227D33803005B2C1E /* Raleway-ExtraBold.ttf in Resources */,
				59A8FC1127CC91AD00E6C62C /* LaunchScreen.storyboard in Resources */,
				59153A0027D335BB005B2C1E /* Raleway-VariableFont_wght.ttf in Resources */,
				59A8FC0E27CC91AD00E6C62C /* Assets.xcassets in Resources */,
			);
			runOnlyForDeploymentPostprocessing = 0;
		};
		59A8FC1527CC91AD00E6C62C /* Resources */ = {
			isa = PBXResourcesBuildPhase;
			buildActionMask = 2147483647;
			files = (
			);
			runOnlyForDeploymentPostprocessing = 0;
		};
		59A8FC1F27CC91AD00E6C62C /* Resources */ = {
			isa = PBXResourcesBuildPhase;
			buildActionMask = 2147483647;
			files = (
			);
			runOnlyForDeploymentPostprocessing = 0;
		};
/* End PBXResourcesBuildPhase section */

/* Begin PBXSourcesBuildPhase section */
		59A8FBFA27CC91AA00E6C62C /* Sources */ = {
			isa = PBXSourcesBuildPhase;
			buildActionMask = 2147483647;
			files = (
				59A8FC0627CC91AA00E6C62C /* WelcomeController.swift in Sources */,
				59A8FC0C27CC91AA00E6C62C /* getitdone.xcdatamodeld in Sources */,
				59A8FC0227CC91AA00E6C62C /* AppDelegate.swift in Sources */,
				59A8FC3B27CCA47100E6C62C /* GDLabel.swift in Sources */,
				59A8FC3827CC9AD300E6C62C /* extension.swift in Sources */,
				59A8FC0427CC91AA00E6C62C /* SceneDelegate.swift in Sources */,
				59A8FC3527CC982100E6C62C /* GDGradient.swift in Sources */,
			);
			runOnlyForDeploymentPostprocessing = 0;
		};
		59A8FC1327CC91AD00E6C62C /* Sources */ = {
			isa = PBXSourcesBuildPhase;
			buildActionMask = 2147483647;
			files = (
				59A8FC1C27CC91AD00E6C62C /* getitdoneTests.swift in Sources */,
			);
			runOnlyForDeploymentPostprocessing = 0;
		};
		59A8FC1D27CC91AD00E6C62C /* Sources */ = {
			isa = PBXSourcesBuildPhase;
			buildActionMask = 2147483647;
			files = (
				59A8FC2827CC91AD00E6C62C /* getitdoneUITestsLaunchTests.swift in Sources */,
				59A8FC2627CC91AD00E6C62C /* getitdoneUITests.swift in Sources */,
			);
			runOnlyForDeploymentPostprocessing = 0;
		};
/* End PBXSourcesBuildPhase section */

/* Begin PBXTargetDependency section */
		59A8FC1927CC91AD00E6C62C /* PBXTargetDependency */ = {
			isa = PBXTargetDependency;
			target = 59A8FBFD27CC91AA00E6C62C /* getitdone */;
			targetProxy = 59A8FC1827CC91AD00E6C62C /* PBXContainerItemProxy */;
		};
		59A8FC2327CC91AD00E6C62C /* PBXTargetDependency */ = {
			isa = PBXTargetDependency;
			target = 59A8FBFD27CC91AA00E6C62C /* getitdone */;
			targetProxy = 59A8FC2227CC91AD00E6C62C /* PBXContainerItemProxy */;
		};
/* End PBXTargetDependency section */

/* Begin PBXVariantGroup section */
		59A8FC0F27CC91AD00E6C62C /* LaunchScreen.storyboard */ = {
			isa = PBXVariantGroup;
			children = (
				59A8FC1027CC91AD00E6C62C /* Base */,
			);
			name = LaunchScreen.storyboard;
			sourceTree = "<group>";
		};
/* End PBXVariantGroup section */

/* Begin XCBuildConfiguration section */
		59A8FC2927CC91AD00E6C62C /* Debug */ = {
			isa = XCBuildConfiguration;
			buildSettings = {
				ALWAYS_SEARCH_USER_PATHS = NO;
				CLANG_ANALYZER_NONNULL = YES;
				CLANG_ANALYZER_NUMBER_OBJECT_CONVERSION = YES_AGGRESSIVE;
				CLANG_CXX_LANGUAGE_STANDARD = "gnu++17";
				CLANG_CXX_LIBRARY = "libc++";
				CLANG_ENABLE_MODULES = YES;
				CLANG_ENABLE_OBJC_ARC = YES;
				CLANG_ENABLE_OBJC_WEAK = YES;
				CLANG_WARN_BLOCK_CAPTURE_AUTORELEASING = YES;
				CLANG_WARN_BOOL_CONVERSION = YES;
				CLANG_WARN_COMMA = YES;
				CLANG_WARN_CONSTANT_CONVERSION = YES;
				CLANG_WARN_DEPRECATED_OBJC_IMPLEMENTATIONS = YES;
				CLANG_WARN_DIRECT_OBJC_ISA_USAGE = YES_ERROR;
				CLANG_WARN_DOCUMENTATION_COMMENTS = YES;
				CLANG_WARN_EMPTY_BODY = YES;
				CLANG_WARN_ENUM_CONVERSION = YES;
				CLANG_WARN_INFINITE_RECURSION = YES;
				CLANG_WARN_INT_CONVERSION = YES;
				CLANG_WARN_NON_LITERAL_NULL_CONVERSION = YES;
				CLANG_WARN_OBJC_IMPLICIT_RETAIN_SELF = YES;
				CLANG_WARN_OBJC_LITERAL_CONVERSION = YES;
				CLANG_WARN_OBJC_ROOT_CLASS = YES_ERROR;
				CLANG_WARN_QUOTED_INCLUDE_IN_FRAMEWORK_HEADER = YES;
				CLANG_WARN_RANGE_LOOP_ANALYSIS = YES;
				CLANG_WARN_STRICT_PROTOTYPES = YES;
				CLANG_WARN_SUSPICIOUS_MOVE = YES;
				CLANG_WARN_UNGUARDED_AVAILABILITY = YES_AGGRESSIVE;
				CLANG_WARN_UNREACHABLE_CODE = YES;
				CLANG_WARN__DUPLICATE_METHOD_MATCH = YES;
				COPY_PHASE_STRIP = NO;
				DEBUG_INFORMATION_FORMAT = dwarf;
				ENABLE_STRICT_OBJC_MSGSEND = YES;
				ENABLE_TESTABILITY = YES;
				GCC_C_LANGUAGE_STANDARD = gnu11;
				GCC_DYNAMIC_NO_PIC = NO;
				GCC_NO_COMMON_BLOCKS = YES;
				GCC_OPTIMIZATION_LEVEL = 0;
				GCC_PREPROCESSOR_DEFINITIONS = (
					"DEBUG=1",
					"$(inherited)",
				);
				GCC_WARN_64_TO_32_BIT_CONVERSION = YES;
				GCC_WARN_ABOUT_RETURN_TYPE = YES_ERROR;
				GCC_WARN_UNDECLARED_SELECTOR = YES;
				GCC_WARN_UNINITIALIZED_AUTOS = YES_AGGRESSIVE;
				GCC_WARN_UNUSED_FUNCTION = YES;
				GCC_WARN_UNUSED_VARIABLE = YES;
				IPHONEOS_DEPLOYMENT_TARGET = 15.2;
				MTL_ENABLE_DEBUG_INFO = INCLUDE_SOURCE;
				MTL_FAST_MATH = YES;
				ONLY_ACTIVE_ARCH = YES;
				SDKROOT = iphoneos;
				SWIFT_ACTIVE_COMPILATION_CONDITIONS = DEBUG;
				SWIFT_OPTIMIZATION_LEVEL = "-Onone";
			};
			name = Debug;
		};
		59A8FC2A27CC91AD00E6C62C /* Release */ = {
			isa = XCBuildConfiguration;
			buildSettings = {
				ALWAYS_SEARCH_USER_PATHS = NO;
				CLANG_ANALYZER_NONNULL = YES;
				CLANG_ANALYZER_NUMBER_OBJECT_CONVERSION = YES_AGGRESSIVE;
				CLANG_CXX_LANGUAGE_STANDARD = "gnu++17";
				CLANG_CXX_LIBRARY = "libc++";
				CLANG_ENABLE_MODULES = YES;
				CLANG_ENABLE_OBJC_ARC = YES;
				CLANG_ENABLE_OBJC_WEAK = YES;
				CLANG_WARN_BLOCK_CAPTURE_AUTORELEASING = YES;
				CLANG_WARN_BOOL_CONVERSION = YES;
				CLANG_WARN_COMMA = YES;
				CLANG_WARN_CONSTANT_CONVERSION = YES;
				CLANG_WARN_DEPRECATED_OBJC_IMPLEMENTATIONS = YES;
				CLANG_WARN_DIRECT_OBJC_ISA_USAGE = YES_ERROR;
				CLANG_WARN_DOCUMENTATION_COMMENTS = YES;
				CLANG_WARN_EMPTY_BODY = YES;
				CLANG_WARN_ENUM_CONVERSION = YES;
				CLANG_WARN_INFINITE_RECURSION = YES;
				CLANG_WARN_INT_CONVERSION = YES;
				CLANG_WARN_NON_LITERAL_NULL_CONVERSION = YES;
				CLANG_WARN_OBJC_IMPLICIT_RETAIN_SELF = YES;
				CLANG_WARN_OBJC_LITERAL_CONVERSION = YES;
				CLANG_WARN_OBJC_ROOT_CLASS = YES_ERROR;
				CLANG_WARN_QUOTED_INCLUDE_IN_FRAMEWORK_HEADER = YES;
				CLANG_WARN_RANGE_LOOP_ANALYSIS = YES;
				CLANG_WARN_STRICT_PROTOTYPES = YES;
				CLANG_WARN_SUSPICIOUS_MOVE = YES;
				CLANG_WARN_UNGUARDED_AVAILABILITY = YES_AGGRESSIVE;
				CLANG_WARN_UNREACHABLE_CODE = YES;
				CLANG_WARN__DUPLICATE_METHOD_MATCH = YES;
				COPY_PHASE_STRIP = NO;
				DEBUG_INFORMATION_FORMAT = "dwarf-with-dsym";
				ENABLE_NS_ASSERTIONS = NO;
				ENABLE_STRICT_OBJC_MSGSEND = YES;
				GCC_C_LANGUAGE_STANDARD = gnu11;
				GCC_NO_COMMON_BLOCKS = YES;
				GCC_WARN_64_TO_32_BIT_CONVERSION = YES;
				GCC_WARN_ABOUT_RETURN_TYPE = YES_ERROR;
				GCC_WARN_UNDECLARED_SELECTOR = YES;
				GCC_WARN_UNINITIALIZED_AUTOS = YES_AGGRESSIVE;
				GCC_WARN_UNUSED_FUNCTION = YES;
				GCC_WARN_UNUSED_VARIABLE = YES;
				IPHONEOS_DEPLOYMENT_TARGET = 15.2;
				MTL_ENABLE_DEBUG_INFO = NO;
				MTL_FAST_MATH = YES;
				SDKROOT = iphoneos;
				SWIFT_COMPILATION_MODE = wholemodule;
				SWIFT_OPTIMIZATION_LEVEL = "-O";
				VALIDATE_PRODUCT = YES;
			};
			name = Release;
		};
		59A8FC2C27CC91AD00E6C62C /* Debug */ = {
			isa = XCBuildConfiguration;
			buildSettings = {
				ASSETCATALOG_COMPILER_APPICON_NAME = AppIcon;
				ASSETCATALOG_COMPILER_GLOBAL_ACCENT_COLOR_NAME = AccentColor;
				CODE_SIGN_STYLE = Automatic;
				CURRENT_PROJECT_VERSION = 1;
				DEVELOPMENT_TEAM = A2FM76A94U;
				GENERATE_INFOPLIST_FILE = YES;
				INFOPLIST_FILE = getitdone/Info.plist;
				INFOPLIST_KEY_UIApplicationSupportsIndirectInputEvents = YES;
				INFOPLIST_KEY_UILaunchStoryboardName = LaunchScreen;
				INFOPLIST_KEY_UISupportedInterfaceOrientations_iPad = "UIInterfaceOrientationPortrait UIInterfaceOrientationPortraitUpsideDown UIInterfaceOrientationLandscapeLeft UIInterfaceOrientationLandscapeRight";
				INFOPLIST_KEY_UISupportedInterfaceOrientations_iPhone = "UIInterfaceOrientationPortrait UIInterfaceOrientationLandscapeLeft UIInterfaceOrientationLandscapeRight";
				LD_RUNPATH_SEARCH_PATHS = (
					"$(inherited)",
					"@executable_path/Frameworks",
				);
				MARKETING_VERSION = 1.0;
				PRODUCT_BUNDLE_IDENTIFIER = mgdev.getitdone;
				PRODUCT_NAME = "$(TARGET_NAME)";
				SWIFT_EMIT_LOC_STRINGS = YES;
				SWIFT_VERSION = 5.0;
				TARGETED_DEVICE_FAMILY = "1,2";
			};
			name = Debug;
		};
		59A8FC2D27CC91AD00E6C62C /* Release */ = {
			isa = XCBuildConfiguration;
			buildSettings = {
				ASSETCATALOG_COMPILER_APPICON_NAME = AppIcon;
				ASSETCATALOG_COMPILER_GLOBAL_ACCENT_COLOR_NAME = AccentColor;
				CODE_SIGN_STYLE = Automatic;
				CURRENT_PROJECT_VERSION = 1;
				DEVELOPMENT_TEAM = A2FM76A94U;
				GENERATE_INFOPLIST_FILE = YES;
				INFOPLIST_FILE = getitdone/Info.plist;
				INFOPLIST_KEY_UIApplicationSupportsIndirectInputEvents = YES;
				INFOPLIST_KEY_UILaunchStoryboardName = LaunchScreen;
				INFOPLIST_KEY_UISupportedInterfaceOrientations_iPad = "UIInterfaceOrientationPortrait UIInterfaceOrientationPortraitUpsideDown UIInterfaceOrientationLandscapeLeft UIInterfaceOrientationLandscapeRight";
				INFOPLIST_KEY_UISupportedInterfaceOrientations_iPhone = "UIInterfaceOrientationPortrait UIInterfaceOrientationLandscapeLeft UIInterfaceOrientationLandscapeRight";
				LD_RUNPATH_SEARCH_PATHS = (
					"$(inherited)",
					"@executable_path/Frameworks",
				);
				MARKETING_VERSION = 1.0;
				PRODUCT_BUNDLE_IDENTIFIER = mgdev.getitdone;
				PRODUCT_NAME = "$(TARGET_NAME)";
				SWIFT_EMIT_LOC_STRINGS = YES;
				SWIFT_VERSION = 5.0;
				TARGETED_DEVICE_FAMILY = "1,2";
			};
			name = Release;
		};
		59A8FC2F27CC91AD00E6C62C /* Debug */ = {
			isa = XCBuildConfiguration;
			buildSettings = {
				ALWAYS_EMBED_SWIFT_STANDARD_LIBRARIES = YES;
				BUNDLE_LOADER = "$(TEST_HOST)";
				CODE_SIGN_STYLE = Automatic;
				CURRENT_PROJECT_VERSION = 1;
				DEVELOPMENT_TEAM = A2FM76A94U;
				GENERATE_INFOPLIST_FILE = YES;
				IPHONEOS_DEPLOYMENT_TARGET = 15.2;
				MARKETING_VERSION = 1.0;
				PRODUCT_BUNDLE_IDENTIFIER = mgdev.getitdoneTests;
				PRODUCT_NAME = "$(TARGET_NAME)";
				SWIFT_EMIT_LOC_STRINGS = NO;
				SWIFT_VERSION = 5.0;
				TARGETED_DEVICE_FAMILY = "1,2";
				TEST_HOST = "$(BUILT_PRODUCTS_DIR)/getitdone.app/getitdone";
			};
			name = Debug;
		};
		59A8FC3027CC91AD00E6C62C /* Release */ = {
			isa = XCBuildConfiguration;
			buildSettings = {
				ALWAYS_EMBED_SWIFT_STANDARD_LIBRARIES = YES;
				BUNDLE_LOADER = "$(TEST_HOST)";
				CODE_SIGN_STYLE = Automatic;
				CURRENT_PROJECT_VERSION = 1;
				DEVELOPMENT_TEAM = A2FM76A94U;
				GENERATE_INFOPLIST_FILE = YES;
				IPHONEOS_DEPLOYMENT_TARGET = 15.2;
				MARKETING_VERSION = 1.0;
				PRODUCT_BUNDLE_IDENTIFIER = mgdev.getitdoneTests;
				PRODUCT_NAME = "$(TARGET_NAME)";
				SWIFT_EMIT_LOC_STRINGS = NO;
				SWIFT_VERSION = 5.0;
				TARGETED_DEVICE_FAMILY = "1,2";
				TEST_HOST = "$(BUILT_PRODUCTS_DIR)/getitdone.app/getitdone";
			};
			name = Release;
		};
		59A8FC3227CC91AD00E6C62C /* Debug */ = {
			isa = XCBuildConfiguration;
			buildSettings = {
				ALWAYS_EMBED_SWIFT_STANDARD_LIBRARIES = YES;
				CODE_SIGN_STYLE = Automatic;
				CURRENT_PROJECT_VERSION = 1;
				DEVELOPMENT_TEAM = A2FM76A94U;
				GENERATE_INFOPLIST_FILE = YES;
				MARKETING_VERSION = 1.0;
				PRODUCT_BUNDLE_IDENTIFIER = mgdev.getitdoneUITests;
				PRODUCT_NAME = "$(TARGET_NAME)";
				SWIFT_EMIT_LOC_STRINGS = NO;
				SWIFT_VERSION = 5.0;
				TARGETED_DEVICE_FAMILY = "1,2";
				TEST_TARGET_NAME = getitdone;
			};
			name = Debug;
		};
		59A8FC3327CC91AD00E6C62C /* Release */ = {
			isa = XCBuildConfiguration;
			buildSettings = {
				ALWAYS_EMBED_SWIFT_STANDARD_LIBRARIES = YES;
				CODE_SIGN_STYLE = Automatic;
				CURRENT_PROJECT_VERSION = 1;
				DEVELOPMENT_TEAM = A2FM76A94U;
				GENERATE_INFOPLIST_FILE = YES;
				MARKETING_VERSION = 1.0;
				PRODUCT_BUNDLE_IDENTIFIER = mgdev.getitdoneUITests;
				PRODUCT_NAME = "$(TARGET_NAME)";
				SWIFT_EMIT_LOC_STRINGS = NO;
				SWIFT_VERSION = 5.0;
				TARGETED_DEVICE_FAMILY = "1,2";
				TEST_TARGET_NAME = getitdone;
			};
			name = Release;
		};
/* End XCBuildConfiguration section */

/* Begin XCConfigurationList section */
		59A8FBF927CC91AA00E6C62C /* Build configuration list for PBXProject "getitdone" */ = {
			isa = XCConfigurationList;
			buildConfigurations = (
				59A8FC2927CC91AD00E6C62C /* Debug */,
				59A8FC2A27CC91AD00E6C62C /* Release */,
			);
			defaultConfigurationIsVisible = 0;
			defaultConfigurationName = Release;
		};
		59A8FC2B27CC91AD00E6C62C /* Build configuration list for PBXNativeTarget "getitdone" */ = {
			isa = XCConfigurationList;
			buildConfigurations = (
				59A8FC2C27CC91AD00E6C62C /* Debug */,
				59A8FC2D27CC91AD00E6C62C /* Release */,
			);
			defaultConfigurationIsVisible = 0;
			defaultConfigurationName = Release;
		};
		59A8FC2E27CC91AD00E6C62C /* Build configuration list for PBXNativeTarget "getitdoneTests" */ = {
			isa = XCConfigurationList;
			buildConfigurations = (
				59A8FC2F27CC91AD00E6C62C /* Debug */,
				59A8FC3027CC91AD00E6C62C /* Release */,
			);
			defaultConfigurationIsVisible = 0;
			defaultConfigurationName = Release;
		};
		59A8FC3127CC91AD00E6C62C /* Build configuration list for PBXNativeTarget "getitdoneUITests" */ = {
			isa = XCConfigurationList;
			buildConfigurations = (
				59A8FC3227CC91AD00E6C62C /* Debug */,
				59A8FC3327CC91AD00E6C62C /* Release */,
			);
			defaultConfigurationIsVisible = 0;
			defaultConfigurationName = Release;
		};
/* End XCConfigurationList section */

/* Begin XCVersionGroup section */
		59A8FC0A27CC91AA00E6C62C /* getitdone.xcdatamodeld */ = {
			isa = XCVersionGroup;
			children = (
				59A8FC0B27CC91AA00E6C62C /* getitdone.xcdatamodel */,
			);
			currentVersion = 59A8FC0B27CC91AA00E6C62C /* getitdone.xcdatamodel */;
			path = getitdone.xcdatamodeld;
			sourceTree = "<group>";
			versionGroupType = wrapper.xcdatamodel;
		};
/* End XCVersionGroup section */
	};
	rootObject = 59A8FBF627CC91AA00E6C62C /* Project object */;
}
